
Microsoft Visual Studio Solution File, Format Version 12.00
# Visual Studio 15
Project("{FAE04EC0-301F-11D3-BF4B-00C04F79EFBC}") = "Practica.Android", "Practica.Android\Practica.Android.csproj", "{8CC47C88-046D-4086-90D6-5441EC2AA412}"
EndProject
Project("{FAE04EC0-301F-11D3-BF4B-00C04F79EFBC}") = "Practica.iOS", "Practica.iOS\Practica.iOS.csproj", "{7EA8A366-85D1-4BEF-B55C-C7CAF8E1912A}"
EndProject
Project("{FAE04EC0-301F-11D3-BF4B-00C04F79EFBC}") = "Practica", "Practica\Practica.csproj", "{BADAA90C-55AE-4CA1-9C1C-7DE756D8E9F1}"
EndProject
Global
	GlobalSection(SolutionConfigurationPlatforms) = preSolution
		Debug|Any CPU = Debug|Any CPU
		Release|Any CPU = Release|Any CPU
		Debug|iPhoneSimulator = Debug|iPhoneSimulator
		Release|iPhoneSimulator = Release|iPhoneSimulator
		Debug|iPhone = Debug|iPhone
		Release|iPhone = Release|iPhone
	EndGlobalSection
	GlobalSection(ProjectConfigurationPlatforms) = postSolution
		{8CC47C88-046D-4086-90D6-5441EC2AA412}.Debug|Any CPU.ActiveCfg = Debug|Any CPU
		{8CC47C88-046D-4086-90D6-5441EC2AA412}.Debug|Any CPU.Build.0 = Debug|Any CPU
		{8CC47C88-046D-4086-90D6-5441EC2AA412}.Release|Any CPU.ActiveCfg = Release|Any CPU
		{8CC47C88-046D-4086-90D6-5441EC2AA412}.Release|Any CPU.Build.0 = Release|Any CPU
		{8CC47C88-046D-4086-90D6-5441EC2AA412}.Debug|iPhoneSimulator.ActiveCfg = Debug|Any CPU
		{8CC47C88-046D-4086-90D6-5441EC2AA412}.Debug|iPhoneSimulator.Build.0 = Debug|Any CPU
		{8CC47C88-046D-4086-90D6-5441EC2AA412}.Release|iPhoneSimulator.ActiveCfg = Release|Any CPU
		{8CC47C88-046D-4086-90D6-5441EC2AA412}.Release|iPhoneSimulator.Build.0 = Release|Any CPU
		{8CC47C88-046D-4086-90D6-5441EC2AA412}.Debug|iPhone.ActiveCfg = Debug|Any CPU
		{8CC47C88-046D-4086-90D6-5441EC2AA412}.Debug|iPhone.Build.0 = Debug|Any CPU
		{8CC47C88-046D-4086-90D6-5441EC2AA412}.Release|iPhone.ActiveCfg = Release|Any CPU
		{8CC47C88-046D-4086-90D6-5441EC2AA412}.Release|iPhone.Build.0 = Release|Any CPU
		{7EA8A366-85D1-4BEF-B55C-C7CAF8E1912A}.Debug|Any CPU.ActiveCfg = Debug|iPhoneSimulator
		{7EA8A366-85D1-4BEF-B55C-C7CAF8E1912A}.Debug|Any CPU.Build.0 = Debug|iPhoneSimulator
		{7EA8A366-85D1-4BEF-B55C-C7CAF8E1912A}.Release|Any CPU.ActiveCfg = Release|iPhoneSimulator
		{7EA8A366-85D1-4BEF-B55C-C7CAF8E1912A}.Release|Any CPU.Build.0 = Release|iPhoneSimulator
		{7EA8A366-85D1-4BEF-B55C-C7CAF8E1912A}.Debug|iPhoneSimulator.ActiveCfg = Debug|iPhoneSimulator
		{7EA8A366-85D1-4BEF-B55C-C7CAF8E1912A}.Debug|iPhoneSimulator.Build.0 = Debug|iPhoneSimulator
		{7EA8A366-85D1-4BEF-B55C-C7CAF8E1912A}.Release|iPhoneSimulator.ActiveCfg = Release|iPhoneSimulator
		{7EA8A366-85D1-4BEF-B55C-C7CAF8E1912A}.Release|iPhoneSimulator.Build.0 = Release|iPhoneSimulator
		{7EA8A366-85D1-4BEF-B55C-C7CAF8E1912A}.Debug|iPhone.ActiveCfg = Debug|iPhone
		{7EA8A366-85D1-4BEF-B55C-C7CAF8E1912A}.Debug|iPhone.Build.0 = Debug|iPhone
		{7EA8A366-85D1-4BEF-B55C-C7CAF8E1912A}.Release|iPhone.ActiveCfg = Release|iPhone
		{7EA8A366-85D1-4BEF-B55C-C7CAF8E1912A}.Release|iPhone.Build.0 = Release|iPhone
		{BADAA90C-55AE-4CA1-9C1C-7DE756D8E9F1}.Debug|Any CPU.ActiveCfg = Debug|Any CPU
		{BADAA90C-55AE-4CA1-9C1C-7DE756D8E9F1}.Debug|Any CPU.Build.0 = Debug|Any CPU
		{BADAA90C-55AE-4CA1-9C1C-7DE756D8E9F1}.Release|Any CPU.ActiveCfg = Release|Any CPU
		{BADAA90C-55AE-4CA1-9C1C-7DE756D8E9F1}.Release|Any CPU.Build.0 = Release|Any CPU
		{BADAA90C-55AE-4CA1-9C1C-7DE756D8E9F1}.Debug|iPhoneSimulator.ActiveCfg = Debug|Any CPU
		{BADAA90C-55AE-4CA1-9C1C-7DE756D8E9F1}.Debug|iPhoneSimulator.Build.0 = Debug|Any CPU
		{BADAA90C-55AE-4CA1-9C1C-7DE756D8E9F1}.Release|iPhoneSimulator.ActiveCfg = Release|Any CPU
		{BADAA90C-55AE-4CA1-9C1C-7DE756D8E9F1}.Release|iPhoneSimulator.Build.0 = Release|Any CPU
		{BADAA90C-55AE-4CA1-9C1C-7DE756D8E9F1}.Debug|iPhone.ActiveCfg = Debug|Any CPU
		{BADAA90C-55AE-4CA1-9C1C-7DE756D8E9F1}.Debug|iPhone.Build.0 = Debug|Any CPU
		{BADAA90C-55AE-4CA1-9C1C-7DE756D8E9F1}.Release|iPhone.ActiveCfg = Release|Any CPU
		{BADAA90C-55AE-4CA1-9C1C-7DE756D8E9F1}.Release|iPhone.Build.0 = Release|Any CPU
	EndGlobalSection
EndGlobal
